
Microsoft Visual Studio Solution File, Format Version 12.00
# Visual Studio Version 16
VisualStudioVersion = 16.0.31321.278
MinimumVisualStudioVersion = 10.0.40219.1
Project("{9A19103F-16F7-4668-BE54-9A1E7A4F7556}") = "1-PrimeiroProjeto", "1-PrimeiroProjeto\1-PrimeiroProjeto.csproj", "{116B17AF-351D-4A37-91DC-FEC8B55D9AD7}"
EndProject
Project("{9A19103F-16F7-4668-BE54-9A1E7A4F7556}") = "2-CriandoVariaveis", "2-CriandoVariaveis\2-CriandoVariaveis.csproj", "{C691112E-66A8-4253-8726-96D5F4C5195F}"
EndProject
Project("{9A19103F-16F7-4668-BE54-9A1E7A4F7556}") = "3-CriandoVariaveisPontoFlutuante", "3-CriandoVariaveisPontosFlutuantes\3-CriandoVariaveisPontoFlutuante.csproj", "{380A720E-E2AD-4D80-9613-4E6AA786D52E}"
EndProject
Project("{9A19103F-16F7-4668-BE54-9A1E7A4F7556}") = "4-ConversoesEOutrosTiposNumericos", "4-ConversoesEOutrosTiposNumericos\4-ConversoesEOutrosTiposNumericos.csproj", "{E3DB4E1B-1CB6-45D7-9DBE-295A5CF40834}"
EndProject
Project("{9A19103F-16F7-4668-BE54-9A1E7A4F7556}") = "5-CaracteresETextos", "5-CaracteresETextos\5-CaracteresETextos.csproj", "{2E3091FF-1780-4422-81AE-672B95B86FB4}"
EndProject
Project("{9A19103F-16F7-4668-BE54-9A1E7A4F7556}") = "6-AtribuicoesDeVariaveis", "6-AtribuicoesDeVariaveis\6-AtribuicoesDeVariaveis.csproj", "{6746E72E-8692-43BB-8417-45C947597C62}"
EndProject
Project("{9A19103F-16F7-4668-BE54-9A1E7A4F7556}") = "7-Condicionais", "7-Condicionais\7-Condicionais.csproj", "{2BDA2332-4C7E-421F-8857-47D5EF321450}"
EndProject
Project("{9A19103F-16F7-4668-BE54-9A1E7A4F7556}") = "Condicional", "Condicional\Condicional.csproj", "{D438AF25-2F82-4D02-AF6E-09B7C2BCC080}"
EndProject
Project("{9A19103F-16F7-4668-BE54-9A1E7A4F7556}") = "8-Condicionais2", "8-Condicionais2\8-Condicionais2.csproj", "{DB22C5DA-3928-4DFE-9527-91E726470381}"
EndProject
Project("{9A19103F-16F7-4668-BE54-9A1E7A4F7556}") = "9-Escopo", "9-Escopo\9-Escopo.csproj", "{35173544-D395-4ABD-B09E-41AAD682F561}"
EndProject
Project("{9A19103F-16F7-4668-BE54-9A1E7A4F7556}") = "TestaCondicional2", "TestaCondicional2\TestaCondicional2.csproj", "{E338EAE3-766A-4A26-B1F4-2536A3192DCB}"
EndProject
Project("{9A19103F-16F7-4668-BE54-9A1E7A4F7556}") = "TestaEscopo", "TestaEscopo\TestaEscopo.csproj", "{44A7C5F0-B709-4225-9B0F-AF8669B9F0E3}"
EndProject
Project("{9A19103F-16F7-4668-BE54-9A1E7A4F7556}") = "Switch", "Switch\Switch.csproj", "{5C71E9BA-57C5-4DA3-97B7-30E093C615C5}"
EndProject
Project("{FAE04EC0-301F-11D3-BF4B-00C04F79EFBC}") = "P10-CalculaPoupanca", "P10-CalculaPoupanca\P10-CalculaPoupanca.csproj", "{3359F95C-6651-4F38-8099-42A9E450DD1B}"
EndProject
Project("{FAE04EC0-301F-11D3-BF4B-00C04F79EFBC}") = "P11-CalculaPoupanca2", "P11-CalculaPoupanca2\P11-CalculaPoupanca2.csproj", "{4318D688-13D0-4BA5-A89C-5800B6FCA753}"
EndProject
Project("{FAE04EC0-301F-11D3-BF4B-00C04F79EFBC}") = "P12-CalculaInvetimentoLongoPrazo", "P12-CalculaInvetimentoLongoPrazo\P12-CalculaInvetimentoLongoPrazo.csproj", "{EEC01C53-CD55-4DD0-87CD-B2D05E418603}"
EndProject
Project("{FAE04EC0-301F-11D3-BF4B-00C04F79EFBC}") = "P13-ForEncadeado", "P13-ForEncadeado\P13-ForEncadeado.csproj", "{1D59FAEE-829F-4986-B6B3-AC285A56F54E}"
EndProject
Project("{FAE04EC0-301F-11D3-BF4B-00C04F79EFBC}") = "LacoDeRepeticaoWhile", "LacoDeRepeticaoWhile\LacoDeRepeticaoWhile.csproj", "{F42FB7DB-99FE-4243-A0A0-7136DB892F75}"
EndProject
Project("{FAE04EC0-301F-11D3-BF4B-00C04F79EFBC}") = "LacoDeRepeticaoFor", "LacoDeRepeticaoFor\LacoDeRepeticaoFor.csproj", "{4D8513C1-4240-448C-9672-66029079492B}"
EndProject
Global
	GlobalSection(SolutionConfigurationPlatforms) = preSolution
		Debug|Any CPU = Debug|Any CPU
		Release|Any CPU = Release|Any CPU
	EndGlobalSection
	GlobalSection(ProjectConfigurationPlatforms) = postSolution
		{116B17AF-351D-4A37-91DC-FEC8B55D9AD7}.Debug|Any CPU.ActiveCfg = Debug|Any CPU
		{116B17AF-351D-4A37-91DC-FEC8B55D9AD7}.Debug|Any CPU.Build.0 = Debug|Any CPU
		{116B17AF-351D-4A37-91DC-FEC8B55D9AD7}.Release|Any CPU.ActiveCfg = Release|Any CPU
		{116B17AF-351D-4A37-91DC-FEC8B55D9AD7}.Release|Any CPU.Build.0 = Release|Any CPU
		{C691112E-66A8-4253-8726-96D5F4C5195F}.Debug|Any CPU.ActiveCfg = Debug|Any CPU
		{C691112E-66A8-4253-8726-96D5F4C5195F}.Debug|Any CPU.Build.0 = Debug|Any CPU
		{C691112E-66A8-4253-8726-96D5F4C5195F}.Release|Any CPU.ActiveCfg = Release|Any CPU
		{C691112E-66A8-4253-8726-96D5F4C5195F}.Release|Any CPU.Build.0 = Release|Any CPU
		{380A720E-E2AD-4D80-9613-4E6AA786D52E}.Debug|Any CPU.ActiveCfg = Debug|Any CPU
		{380A720E-E2AD-4D80-9613-4E6AA786D52E}.Debug|Any CPU.Build.0 = Debug|Any CPU
		{380A720E-E2AD-4D80-9613-4E6AA786D52E}.Release|Any CPU.ActiveCfg = Release|Any CPU
		{380A720E-E2AD-4D80-9613-4E6AA786D52E}.Release|Any CPU.Build.0 = Release|Any CPU
		{E3DB4E1B-1CB6-45D7-9DBE-295A5CF40834}.Debug|Any CPU.ActiveCfg = Debug|Any CPU
		{E3DB4E1B-1CB6-45D7-9DBE-295A5CF40834}.Debug|Any CPU.Build.0 = Debug|Any CPU
		{E3DB4E1B-1CB6-45D7-9DBE-295A5CF40834}.Release|Any CPU.ActiveCfg = Release|Any CPU
		{E3DB4E1B-1CB6-45D7-9DBE-295A5CF40834}.Release|Any CPU.Build.0 = Release|Any CPU
		{2E3091FF-1780-4422-81AE-672B95B86FB4}.Debug|Any CPU.ActiveCfg = Debug|Any CPU
		{2E3091FF-1780-4422-81AE-672B95B86FB4}.Debug|Any CPU.Build.0 = Debug|Any CPU
		{2E3091FF-1780-4422-81AE-672B95B86FB4}.Release|Any CPU.ActiveCfg = Release|Any CPU
		{2E3091FF-1780-4422-81AE-672B95B86FB4}.Release|Any CPU.Build.0 = Release|Any CPU
		{6746E72E-8692-43BB-8417-45C947597C62}.Debug|Any CPU.ActiveCfg = Debug|Any CPU
		{6746E72E-8692-43BB-8417-45C947597C62}.Debug|Any CPU.Build.0 = Debug|Any CPU
		{6746E72E-8692-43BB-8417-45C947597C62}.Release|Any CPU.ActiveCfg = Release|Any CPU
		{6746E72E-8692-43BB-8417-45C947597C62}.Release|Any CPU.Build.0 = Release|Any CPU
		{2BDA2332-4C7E-421F-8857-47D5EF321450}.Debug|Any CPU.ActiveCfg = Debug|Any CPU
		{2BDA2332-4C7E-421F-8857-47D5EF321450}.Debug|Any CPU.Build.0 = Debug|Any CPU
		{2BDA2332-4C7E-421F-8857-47D5EF321450}.Release|Any CPU.ActiveCfg = Release|Any CPU
		{2BDA2332-4C7E-421F-8857-47D5EF321450}.Release|Any CPU.Build.0 = Release|Any CPU
		{D438AF25-2F82-4D02-AF6E-09B7C2BCC080}.Debug|Any CPU.ActiveCfg = Debug|Any CPU
		{D438AF25-2F82-4D02-AF6E-09B7C2BCC080}.Debug|Any CPU.Build.0 = Debug|Any CPU
		{D438AF25-2F82-4D02-AF6E-09B7C2BCC080}.Release|Any CPU.ActiveCfg = Release|Any CPU
		{D438AF25-2F82-4D02-AF6E-09B7C2BCC080}.Release|Any CPU.Build.0 = Release|Any CPU
		{DB22C5DA-3928-4DFE-9527-91E726470381}.Debug|Any CPU.ActiveCfg = Debug|Any CPU
		{DB22C5DA-3928-4DFE-9527-91E726470381}.Debug|Any CPU.Build.0 = Debug|Any CPU
		{DB22C5DA-3928-4DFE-9527-91E726470381}.Release|Any CPU.ActiveCfg = Release|Any CPU
		{DB22C5DA-3928-4DFE-9527-91E726470381}.Release|Any CPU.Build.0 = Release|Any CPU
		{35173544-D395-4ABD-B09E-41AAD682F561}.Debug|Any CPU.ActiveCfg = Debug|Any CPU
		{35173544-D395-4ABD-B09E-41AAD682F561}.Debug|Any CPU.Build.0 = Debug|Any CPU
		{35173544-D395-4ABD-B09E-41AAD682F561}.Release|Any CPU.ActiveCfg = Release|Any CPU
		{35173544-D395-4ABD-B09E-41AAD682F561}.Release|Any CPU.Build.0 = Release|Any CPU
		{E338EAE3-766A-4A26-B1F4-2536A3192DCB}.Debug|Any CPU.ActiveCfg = Debug|Any CPU
		{E338EAE3-766A-4A26-B1F4-2536A3192DCB}.Debug|Any CPU.Build.0 = Debug|Any CPU
		{E338EAE3-766A-4A26-B1F4-2536A3192DCB}.Release|Any CPU.ActiveCfg = Release|Any CPU
		{E338EAE3-766A-4A26-B1F4-2536A3192DCB}.Release|Any CPU.Build.0 = Release|Any CPU
		{44A7C5F0-B709-4225-9B0F-AF8669B9F0E3}.Debug|Any CPU.ActiveCfg = Debug|Any CPU
		{44A7C5F0-B709-4225-9B0F-AF8669B9F0E3}.Debug|Any CPU.Build.0 = Debug|Any CPU
		{44A7C5F0-B709-4225-9B0F-AF8669B9F0E3}.Release|Any CPU.ActiveCfg = Release|Any CPU
		{44A7C5F0-B709-4225-9B0F-AF8669B9F0E3}.Release|Any CPU.Build.0 = Release|Any CPU
		{5C71E9BA-57C5-4DA3-97B7-30E093C615C5}.Debug|Any CPU.ActiveCfg = Debug|Any CPU
		{5C71E9BA-57C5-4DA3-97B7-30E093C615C5}.Debug|Any CPU.Build.0 = Debug|Any CPU
		{5C71E9BA-57C5-4DA3-97B7-30E093C615C5}.Release|Any CPU.ActiveCfg = Release|Any CPU
		{5C71E9BA-57C5-4DA3-97B7-30E093C615C5}.Release|Any CPU.Build.0 = Release|Any CPU
		{3359F95C-6651-4F38-8099-42A9E450DD1B}.Debug|Any CPU.ActiveCfg = Debug|Any CPU
		{3359F95C-6651-4F38-8099-42A9E450DD1B}.Debug|Any CPU.Build.0 = Debug|Any CPU
		{3359F95C-6651-4F38-8099-42A9E450DD1B}.Release|Any CPU.ActiveCfg = Release|Any CPU
		{3359F95C-6651-4F38-8099-42A9E450DD1B}.Release|Any CPU.Build.0 = Release|Any CPU
		{4318D688-13D0-4BA5-A89C-5800B6FCA753}.Debug|Any CPU.ActiveCfg = Debug|Any CPU
		{4318D688-13D0-4BA5-A89C-5800B6FCA753}.Debug|Any CPU.Build.0 = Debug|Any CPU
		{4318D688-13D0-4BA5-A89C-5800B6FCA753}.Release|Any CPU.ActiveCfg = Release|Any CPU
		{4318D688-13D0-4BA5-A89C-5800B6FCA753}.Release|Any CPU.Build.0 = Release|Any CPU
		{EEC01C53-CD55-4DD0-87CD-B2D05E418603}.Debug|Any CPU.ActiveCfg = Debug|Any CPU
		{EEC01C53-CD55-4DD0-87CD-B2D05E418603}.Debug|Any CPU.Build.0 = Debug|Any CPU
		{EEC01C53-CD55-4DD0-87CD-B2D05E418603}.Release|Any CPU.ActiveCfg = Release|Any CPU
		{EEC01C53-CD55-4DD0-87CD-B2D05E418603}.Release|Any CPU.Build.0 = Release|Any CPU
		{1D59FAEE-829F-4986-B6B3-AC285A56F54E}.Debug|Any CPU.ActiveCfg = Debug|Any CPU
		{1D59FAEE-829F-4986-B6B3-AC285A56F54E}.Debug|Any CPU.Build.0 = Debug|Any CPU
		{1D59FAEE-829F-4986-B6B3-AC285A56F54E}.Release|Any CPU.ActiveCfg = Release|Any CPU
		{1D59FAEE-829F-4986-B6B3-AC285A56F54E}.Release|Any CPU.Build.0 = Release|Any CPU
		{F42FB7DB-99FE-4243-A0A0-7136DB892F75}.Debug|Any CPU.ActiveCfg = Debug|Any CPU
		{F42FB7DB-99FE-4243-A0A0-7136DB892F75}.Debug|Any CPU.Build.0 = Debug|Any CPU
		{F42FB7DB-99FE-4243-A0A0-7136DB892F75}.Release|Any CPU.ActiveCfg = Release|Any CPU
		{F42FB7DB-99FE-4243-A0A0-7136DB892F75}.Release|Any CPU.Build.0 = Release|Any CPU
		{4D8513C1-4240-448C-9672-66029079492B}.Debug|Any CPU.ActiveCfg = Debug|Any CPU
		{4D8513C1-4240-448C-9672-66029079492B}.Debug|Any CPU.Build.0 = Debug|Any CPU
		{4D8513C1-4240-448C-9672-66029079492B}.Release|Any CPU.ActiveCfg = Release|Any CPU
		{4D8513C1-4240-448C-9672-66029079492B}.Release|Any CPU.Build.0 = Release|Any CPU
	EndGlobalSection
	GlobalSection(SolutionProperties) = preSolution
		HideSolutionNode = FALSE
	EndGlobalSection
	GlobalSection(ExtensibilityGlobals) = postSolution
		SolutionGuid = {5853D215-951B-4F94-A300-8B43C61345B2}
	EndGlobalSection
EndGlobal
